{
  "name": "blear.ui.rich-editor",
  "version": "1.1.12",
  "lockfileVersion": 1,
  "requires": true,
  "dependencies": {
    "blear.classes.class": {
      "version": "1.1.6",
      "resolved": "http://registry.npm.taobao.org/blear.classes.class/download/blear.classes.class-1.1.6.tgz",
      "integrity": "sha1-MwUHhEypPbVgKLZd3HITZrFkZqU=",
      "requires": {
        "blear.utils.access": "1.0.5",
        "blear.utils.debug": "1.0.2",
        "blear.utils.object": "1.0.14",
        "blear.utils.random": "1.0.3",
        "blear.utils.typeis": "1.0.3"
      }
    },
    "blear.classes.events": {
      "version": "1.0.7",
      "resolved": "http://registry.npm.taobao.org/blear.classes.events/download/blear.classes.events-1.0.7.tgz",
      "integrity": "sha1-luZoU2G8mQEr26rWsNN+8RxTz4A=",
      "requires": {
        "blear.classes.class": "1.1.6",
        "blear.utils.access": "1.0.5",
        "blear.utils.array": "1.0.12",
        "blear.utils.object": "1.0.14",
        "blear.utils.typeis": "1.0.3"
      }
    },
    "blear.core.attribute": {
      "version": "1.0.11",
      "resolved": "https://registry.npmjs.org/blear.core.attribute/-/blear.core.attribute-1.0.11.tgz",
      "integrity": "sha1-C2+0Z7Bu6FpUsm42Cz7aooilAgE=",
      "requires": {
        "blear.polyfills.class-list": "1.0.7",
        "blear.polyfills.data-set": "1.0.3",
        "blear.utils.access": "1.0.5",
        "blear.utils.array": "1.0.12",
        "blear.utils.compatible": "1.0.6",
        "blear.utils.json": "1.0.5",
        "blear.utils.object": "1.0.14",
        "blear.utils.string": "1.0.10",
        "blear.utils.typeis": "1.0.3",
        "blear.utils.validator": "1.0.4"
      }
    },
    "blear.core.event": {
      "version": "1.0.5",
      "resolved": "https://registry.npmjs.org/blear.core.event/-/blear.core.event-1.0.5.tgz",
      "integrity": "sha1-dWX5K46cKs9qCGyNO/MAI1g90lo=",
      "requires": {
        "blear.core.selector": "1.0.8",
        "blear.utils.access": "1.0.5",
        "blear.utils.array": "1.0.12",
        "blear.utils.object": "1.0.14",
        "blear.utils.typeis": "1.0.3"
      }
    },
    "blear.core.layout": {
      "version": "1.0.6",
      "resolved": "http://registry.npm.taobao.org/blear.core.layout/download/blear.core.layout-1.0.6.tgz",
      "integrity": "sha1-ZCbXB0H0VQ2hTChZRgR5Qz/n59Y=",
      "requires": {
        "blear.core.attribute": "1.0.11",
        "blear.utils.access": "1.0.5",
        "blear.utils.array": "1.0.12",
        "blear.utils.number": "1.0.3",
        "blear.utils.typeis": "1.0.3"
      }
    },
    "blear.core.modification": {
      "version": "1.0.7",
      "resolved": "http://registry.npm.taobao.org/blear.core.modification/download/blear.core.modification-1.0.7.tgz",
      "integrity": "sha1-E1G0wk3X2VpsYdkS6TjoNDJTW3o=",
      "requires": {
        "blear.core.attribute": "1.0.11",
        "blear.core.selector": "1.0.8",
        "blear.utils.json": "1.0.5",
        "blear.utils.object": "1.0.14",
        "blear.utils.typeis": "1.0.3"
      }
    },
    "blear.core.selector": {
      "version": "1.0.8",
      "resolved": "https://registry.npmjs.org/blear.core.selector/-/blear.core.selector-1.0.8.tgz",
      "integrity": "sha1-G4pZrh0d4mUOve5we0DjT2cy3Mw=",
      "requires": {
        "blear.utils.array": "1.0.12",
        "blear.utils.compatible": "1.0.6",
        "blear.utils.debug": "1.0.2",
        "blear.utils.typeis": "1.0.3"
      }
    },
    "blear.polyfills.class-list": {
      "version": "1.0.7",
      "resolved": "https://registry.npmjs.org/blear.polyfills.class-list/-/blear.polyfills.class-list-1.0.7.tgz",
      "integrity": "sha1-vX+4e39UweIZxtdWgwtp7TW96qc="
    },
    "blear.polyfills.data-set": {
      "version": "1.0.3",
      "resolved": "http://registry.npm.taobao.org/blear.polyfills.data-set/download/blear.polyfills.data-set-1.0.3.tgz",
      "integrity": "sha1-XkmaNGdrLPjnfAS99pnKX4LdyJI=",
      "requires": {
        "blear.utils.json": "1.0.5",
        "blear.utils.string": "1.0.10"
      }
    },
    "blear.polyfills.date": {
      "version": "1.0.3",
      "resolved": "http://registry.npm.taobao.org/blear.polyfills.date/download/blear.polyfills.date-1.0.3.tgz",
      "integrity": "sha1-7oBOCXtXOjksI9tDfIc+Fqeavrc="
    },
    "blear.polyfills.time": {
      "version": "1.0.3",
      "resolved": "http://registry.npm.taobao.org/blear.polyfills.time/download/blear.polyfills.time-1.0.3.tgz",
      "integrity": "sha1-ppm43TG6xC526RXxNWYKedTxvWg="
    },
    "blear.ui": {
      "version": "1.0.8",
      "resolved": "http://registry.npm.taobao.org/blear.ui/download/blear.ui-1.0.8.tgz",
      "integrity": "sha1-Dj/TsRbOF7UNwJRKDIK+l0Z4XHo=",
      "requires": {
        "blear.classes.events": "1.0.7",
        "blear.utils.object": "1.0.14"
      }
    },
    "blear.utils.access": {
      "version": "1.0.5",
      "resolved": "http://registry.npm.taobao.org/blear.utils.access/download/blear.utils.access-1.0.5.tgz",
      "integrity": "sha1-Sdnex3z9zSOrCwiHmwUw7K3k7iY=",
      "requires": {
        "blear.utils.array": "1.0.12",
        "blear.utils.collection": "1.0.4",
        "blear.utils.object": "1.0.14",
        "blear.utils.typeis": "1.0.3"
      }
    },
    "blear.utils.array": {
      "version": "1.0.12",
      "resolved": "http://registry.npm.taobao.org/blear.utils.array/download/blear.utils.array-1.0.12.tgz",
      "integrity": "sha1-Yje/gLO+MTdxR9kNb63JGp/md24=",
      "requires": {
        "blear.utils.typeis": "1.0.3"
      }
    },
    "blear.utils.collection": {
      "version": "1.0.4",
      "resolved": "http://registry.npm.taobao.org/blear.utils.collection/download/blear.utils.collection-1.0.4.tgz",
      "integrity": "sha1-FA28f83glrqYiytC7cdXSQWEmzE=",
      "requires": {
        "blear.utils.array": "1.0.12",
        "blear.utils.object": "1.0.14",
        "blear.utils.typeis": "1.0.3"
      }
    },
    "blear.utils.compatible": {
      "version": "1.0.6",
      "resolved": "http://registry.npm.taobao.org/blear.utils.compatible/download/blear.utils.compatible-1.0.6.tgz",
      "integrity": "sha1-z6eHu8vUPoqSLhlOiCg6Q+6v+gg=",
      "requires": {
        "blear.utils.array": "1.0.12",
        "blear.utils.string": "1.0.10"
      }
    },
    "blear.utils.date": {
      "version": "1.0.10",
      "resolved": "http://registry.npm.taobao.org/blear.utils.date/download/blear.utils.date-1.0.10.tgz",
      "integrity": "sha1-zH/E6UbFipprBdijxItGUJWtL10=",
      "requires": {
        "blear.polyfills.date": "1.0.3",
        "blear.utils.access": "1.0.5",
        "blear.utils.array": "1.0.12",
        "blear.utils.number": "1.0.3",
        "blear.utils.object": "1.0.14",
        "blear.utils.string": "1.0.10",
        "blear.utils.typeis": "1.0.3"
      }
    },
    "blear.utils.debug": {
      "version": "1.0.2",
      "resolved": "http://registry.npm.taobao.org/blear.utils.debug/download/blear.utils.debug-1.0.2.tgz",
      "integrity": "sha1-TCxeL3W49o3V7LqIcZDc+zul4TU="
    },
    "blear.utils.function": {
      "version": "1.0.5",
      "resolved": "https://registry.npmjs.org/blear.utils.function/-/blear.utils.function-1.0.5.tgz",
      "integrity": "sha1-lMkuZgXT5CQfgkPwzsaztyVSTmo=",
      "requires": {
        "blear.utils.access": "1.0.5",
        "blear.utils.array": "1.0.12",
        "blear.utils.date": "1.0.10",
        "blear.utils.debug": "1.0.2",
        "blear.utils.time": "1.0.5",
        "blear.utils.typeis": "1.0.3"
      }
    },
    "blear.utils.json": {
      "version": "1.0.5",
      "resolved": "http://registry.npm.taobao.org/blear.utils.json/download/blear.utils.json-1.0.5.tgz",
      "integrity": "sha1-6urtuLlYOC0zisaSefDXlSvIl/Y=",
      "requires": {
        "blear.utils.object": "1.0.14",
        "blear.utils.typeis": "1.0.3"
      }
    },
    "blear.utils.loader": {
      "version": "1.0.7",
      "resolved": "http://registry.npm.taobao.org/blear.utils.loader/download/blear.utils.loader-1.0.7.tgz",
      "integrity": "sha1-3JyAi5HCL7p5ypPHOiSXcc94RIc=",
      "requires": {
        "blear.utils.function": "1.0.5",
        "blear.utils.object": "1.0.14",
        "blear.utils.time": "1.0.5",
        "blear.utils.typeis": "1.0.3"
      }
    },
    "blear.utils.number": {
      "version": "1.0.3",
      "resolved": "http://registry.npm.taobao.org/blear.utils.number/download/blear.utils.number-1.0.3.tgz",
      "integrity": "sha1-xu03E8ipfTzuojaVRZMV5HxahhY=",
      "requires": {
        "blear.utils.array": "1.0.12",
        "blear.utils.typeis": "1.0.3"
      }
    },
    "blear.utils.object": {
      "version": "1.0.14",
      "resolved": "http://registry.npm.taobao.org/blear.utils.object/download/blear.utils.object-1.0.14.tgz",
      "integrity": "sha1-bfkmlYQdUB/vYUqvNv/lC4R4GI0=",
      "requires": {
        "blear.utils.typeis": "1.0.3"
      }
    },
    "blear.utils.random": {
      "version": "1.0.3",
      "resolved": "http://registry.npm.taobao.org/blear.utils.random/download/blear.utils.random-1.0.3.tgz",
      "integrity": "sha1-6lO0r4qj5U8Q6RdMokRES1LJsWI=",
      "requires": {
        "blear.utils.access": "1.0.5",
        "blear.utils.number": "1.0.3",
        "blear.utils.string": "1.0.10",
        "blear.utils.typeis": "1.0.3"
      }
    },
    "blear.utils.string": {
      "version": "1.0.10",
      "resolved": "http://registry.npm.taobao.org/blear.utils.string/download/blear.utils.string-1.0.10.tgz",
      "integrity": "sha1-b2+xkJd8UhMzipwPkZ97o47r9Q4=",
      "requires": {
        "blear.utils.access": "1.0.5",
        "blear.utils.array": "1.0.12",
        "blear.utils.json": "1.0.5",
        "blear.utils.object": "1.0.14",
        "blear.utils.typeis": "1.0.3"
      }
    },
    "blear.utils.time": {
      "version": "1.0.5",
      "resolved": "http://registry.npm.taobao.org/blear.utils.time/download/blear.utils.time-1.0.5.tgz",
      "integrity": "sha1-LmaKBdIFJhbVieWouSwTqCsrb2k=",
      "requires": {
        "blear.polyfills.time": "1.0.3",
        "blear.utils.date": "1.0.10",
        "blear.utils.typeis": "1.0.3"
      }
    },
    "blear.utils.typeis": {
      "version": "1.0.3",
      "resolved": "http://registry.npm.taobao.org/blear.utils.typeis/download/blear.utils.typeis-1.0.3.tgz",
      "integrity": "sha1-4u5r+8oHKbe1G6pZ2T1xa2jqxoY="
    },
    "blear.utils.validator": {
      "version": "1.0.4",
      "resolved": "http://registry.npm.taobao.org/blear.utils.validator/download/blear.utils.validator-1.0.4.tgz",
      "integrity": "sha1-gWX6z0Q5SSVAx6/fzbwGbXxdjQE="
    },
    "coolie.js": {
      "version": "2.2.3",
      "resolved": "http://registry.npm.taobao.org/coolie.js/download/coolie.js-2.2.3.tgz",
      "integrity": "sha1-Ibk22Yclob32Poi8nCltmjRQu7g=",
      "dev": true
    }
  }
}
